{
	"name": "diudiu-example",
	"version": "1.0.0",
	"lockfileVersion": 2,
	"requires": true,
	"packages": {
		"": {
			"name": "diudiu-example",
			"version": "1.0.0",
			"license": "ISC",
			"dependencies": {
				"ini": "^1.3.5",
				"koa-router": "^10.1.1",
				"typescript": "^3.5.3"
			},
			"devDependencies": {
				"@types/node": "^12.12.45",
				"babel-polyfill": "^6.26.0",
				"ts-node": "^8.3.0"
			}
		},
		"node_modules/@types/node": {
			"version": "12.20.27",
			"resolved": "https://registry.npmjs.org/@types/node/-/node-12.20.27.tgz",
			"integrity": "sha512-qZdePUDSLAZRXXV234bLBEUM0nAQjoxbcSwp1rqSMUe1rZ47mwU6OjciR/JvF1Oo8mc0ys6GE0ks0HGgqAZoGg==",
			"dev": true
		},
		"node_modules/arg": {
			"version": "4.1.3",
			"resolved": "https://registry.npmjs.org/arg/-/arg-4.1.3.tgz",
			"integrity": "sha512-58S9QDqG0Xx27YwPSt9fJxivjYl432YCwfDMfZ+71RAqUrZef7LrKQZ3LHLOwCS4FLNBplP533Zx895SeOCHvA==",
			"dev": true
		},
		"node_modules/babel-polyfill": {
			"version": "6.26.0",
			"resolved": "https://registry.npmjs.org/babel-polyfill/-/babel-polyfill-6.26.0.tgz",
			"integrity": "sha1-N5k3q8Z9eJWXCtxiHyhM2WbPIVM=",
			"dev": true,
			"dependencies": {
				"babel-runtime": "^6.26.0",
				"core-js": "^2.5.0",
				"regenerator-runtime": "^0.10.5"
			}
		},
		"node_modules/babel-runtime": {
			"version": "6.26.0",
			"resolved": "https://registry.npmjs.org/babel-runtime/-/babel-runtime-6.26.0.tgz",
			"integrity": "sha1-llxwWGaOgrVde/4E/yM3vItWR/4=",
			"dev": true,
			"dependencies": {
				"core-js": "^2.4.0",
				"regenerator-runtime": "^0.11.0"
			}
		},
		"node_modules/babel-runtime/node_modules/regenerator-runtime": {
			"version": "0.11.1",
			"resolved": "https://registry.npmjs.org/regenerator-runtime/-/regenerator-runtime-0.11.1.tgz",
			"integrity": "sha512-MguG95oij0fC3QV3URf4V2SDYGJhJnJGqvIIgdECeODCT98wSWDAJ94SSuVpYQUoTcGUIL6L4yNB7j1DFFHSBg==",
			"dev": true
		},
		"node_modules/buffer-from": {
			"version": "1.1.2",
			"resolved": "https://registry.npmjs.org/buffer-from/-/buffer-from-1.1.2.tgz",
			"integrity": "sha512-E+XQCRwSbaaiChtv6k6Dwgc+bx+Bs6vuKJHHl5kox/BaKbhiXzqQOwK4cO22yElGp2OCmjwVhT3HmxgyPGnJfQ==",
			"dev": true
		},
		"node_modules/core-js": {
			"version": "2.6.12",
			"resolved": "https://registry.npmjs.org/core-js/-/core-js-2.6.12.tgz",
			"integrity": "sha512-Kb2wC0fvsWfQrgk8HU5lW6U/Lcs8+9aaYcy4ZFc6DDlo4nZ7n70dEgE5rtR0oG6ufKDUnrwfWL1mXR5ljDatrQ==",
			"deprecated": "core-js@<3.4 is no longer maintained and not recommended for usage due to the number of issues. Because of the V8 engine whims, feature detection in old core-js versions could cause a slowdown up to 100x even if nothing is polyfilled. Please, upgrade your dependencies to the actual version of core-js.",
			"dev": true,
			"hasInstallScript": true
		},
		"node_modules/debug": {
			"version": "4.3.2",
			"resolved": "https://registry.npmjs.org/debug/-/debug-4.3.2.tgz",
			"integrity": "sha512-mOp8wKcvj7XxC78zLgw/ZA+6TSgkoE2C/ienthhRD298T7UNwAg9diBpLRxC0mOezLl4B0xV7M0cCO6P/O0Xhw==",
			"dependencies": {
				"ms": "2.1.2"
			},
			"engines": {
				"node": ">=6.0"
			},
			"peerDependenciesMeta": {
				"supports-color": {
					"optional": true
				}
			}
		},
		"node_modules/diff": {
			"version": "4.0.2",
			"resolved": "https://registry.npmjs.org/diff/-/diff-4.0.2.tgz",
			"integrity": "sha512-58lmxKSA4BNyLz+HHMUzlOEpg09FV+ev6ZMe3vJihgdxzgcwZ8VoEEPmALCZG9LmqfVoNMMKpttIYTVG6uDY7A==",
			"dev": true,
			"engines": {
				"node": ">=0.3.1"
			}
		},
		"node_modules/http-errors": {
			"version": "1.8.0",
			"resolved": "https://registry.npmjs.org/http-errors/-/http-errors-1.8.0.tgz",
			"integrity": "sha512-4I8r0C5JDhT5VkvI47QktDW75rNlGVsUf/8hzjCC/wkWI/jdTRmBb9aI7erSG82r1bjKY3F6k28WnsVxB1C73A==",
			"dependencies": {
				"depd": "~1.1.2",
				"inherits": "2.0.4",
				"setprototypeof": "1.2.0",
				"statuses": ">= 1.5.0 < 2",
				"toidentifier": "1.0.0"
			},
			"engines": {
				"node": ">= 0.6"
			}
		},
		"node_modules/http-errors/node_modules/depd": {
			"version": "1.1.2",
			"resolved": "https://registry.npmjs.org/depd/-/depd-1.1.2.tgz",
			"integrity": "sha1-m81S4UwJd2PnSbJ0xDRu0uVgtak=",
			"engines": {
				"node": ">= 0.6"
			}
		},
		"node_modules/inherits": {
			"version": "2.0.4",
			"resolved": "https://registry.npmjs.org/inherits/-/inherits-2.0.4.tgz",
			"integrity": "sha512-k/vGaX4/Yla3WzyMCvTQOXYeIHvqOKtnqBduzTHpzpQZzAskKMhZ2K+EnBiSM9zGSoIFeMpXKxa4dYeZIQqewQ=="
		},
		"node_modules/ini": {
			"version": "1.3.8",
			"resolved": "https://registry.npmjs.org/ini/-/ini-1.3.8.tgz",
			"integrity": "sha512-JV/yugV2uzW5iMRSiZAyDtQd+nxtUnjeLt0acNdw98kKLrvuRVyB80tsREOE7yvGVgalhZ6RNXCmEHkUKBKxew=="
		},
		"node_modules/koa-compose": {
			"version": "4.1.0",
			"resolved": "https://registry.npmjs.org/koa-compose/-/koa-compose-4.1.0.tgz",
			"integrity": "sha512-8ODW8TrDuMYvXRwra/Kh7/rJo9BtOfPc6qO8eAfC80CnCvSjSl0bkRM24X6/XBBEyj0v1nRUQ1LyOy3dbqOWXw=="
		},
		"node_modules/koa-router": {
			"version": "10.1.1",
			"resolved": "https://registry.npmjs.org/koa-router/-/koa-router-10.1.1.tgz",
			"integrity": "sha512-z/OzxVjf5NyuNO3t9nJpx7e1oR3FSBAauiwXtMQu4ppcnuNZzTaQ4p21P8A6r2Es8uJJM339oc4oVW+qX7SqnQ==",
			"dependencies": {
				"debug": "^4.1.1",
				"http-errors": "^1.7.3",
				"koa-compose": "^4.1.0",
				"methods": "^1.1.2",
				"path-to-regexp": "^6.1.0"
			},
			"engines": {
				"node": ">= 8.0.0"
			}
		},
		"node_modules/make-error": {
			"version": "1.3.6",
			"resolved": "https://registry.npmjs.org/make-error/-/make-error-1.3.6.tgz",
			"integrity": "sha512-s8UhlNe7vPKomQhC1qFelMokr/Sc3AgNbso3n74mVPA5LTZwkB9NlXf4XPamLxJE8h0gh73rM94xvwRT2CVInw==",
			"dev": true
		},
		"node_modules/methods": {
			"version": "1.1.2",
			"resolved": "https://registry.npmjs.org/methods/-/methods-1.1.2.tgz",
			"integrity": "sha1-VSmk1nZUE07cxSZmVoNbD4Ua/O4=",
			"engines": {
				"node": ">= 0.6"
			}
		},
		"node_modules/ms": {
			"version": "2.1.2",
			"resolved": "https://registry.npmjs.org/ms/-/ms-2.1.2.tgz",
			"integrity": "sha512-sGkPx+VjMtmA6MX27oA4FBFELFCZZ4S4XqeGOXCv68tT+jb3vk/RyaKWP0PTKyWtmLSM0b+adUTEvbs1PEaH2w=="
		},
		"node_modules/path-to-regexp": {
			"version": "6.2.0",
			"resolved": "https://registry.npmjs.org/path-to-regexp/-/path-to-regexp-6.2.0.tgz",
			"integrity": "sha512-f66KywYG6+43afgE/8j/GoiNyygk/bnoCbps++3ErRKsIYkGGupyv07R2Ok5m9i67Iqc+T2g1eAUGUPzWhYTyg=="
		},
		"node_modules/regenerator-runtime": {
			"version": "0.10.5",
			"resolved": "https://registry.npmjs.org/regenerator-runtime/-/regenerator-runtime-0.10.5.tgz",
			"integrity": "sha1-M2w+/BIgrc7dosn6tntaeVWjNlg=",
			"dev": true
		},
		"node_modules/setprototypeof": {
			"version": "1.2.0",
			"resolved": "https://registry.npmjs.org/setprototypeof/-/setprototypeof-1.2.0.tgz",
			"integrity": "sha512-E5LDX7Wrp85Kil5bhZv46j8jOeboKq5JMmYM3gVGdGH8xFpPWXUMsNrlODCrkoxMEeNi/XZIwuRvY4XNwYMJpw=="
		},
		"node_modules/source-map": {
			"version": "0.6.1",
			"resolved": "https://registry.npmjs.org/source-map/-/source-map-0.6.1.tgz",
			"integrity": "sha512-UjgapumWlbMhkBgzT7Ykc5YXUT46F0iKu8SGXq0bcwP5dz/h0Plj6enJqjz1Zbq2l5WaqYnrVbwWOWMyF3F47g==",
			"dev": true,
			"engines": {
				"node": ">=0.10.0"
			}
		},
		"node_modules/source-map-support": {
			"version": "0.5.20",
			"resolved": "https://registry.npmjs.org/source-map-support/-/source-map-support-0.5.20.tgz",
			"integrity": "sha512-n1lZZ8Ve4ksRqizaBQgxXDgKwttHDhyfQjA6YZZn8+AroHbsIz+JjwxQDxbp+7y5OYCI8t1Yk7etjD9CRd2hIw==",
			"dev": true,
			"dependencies": {
				"buffer-from": "^1.0.0",
				"source-map": "^0.6.0"
			}
		},
		"node_modules/statuses": {
			"version": "1.5.0",
			"resolved": "https://registry.npmjs.org/statuses/-/statuses-1.5.0.tgz",
			"integrity": "sha1-Fhx9rBd2Wf2YEfQ3cfqZOBR4Yow=",
			"engines": {
				"node": ">= 0.6"
			}
		},
		"node_modules/toidentifier": {
			"version": "1.0.0",
			"resolved": "https://registry.npmjs.org/toidentifier/-/toidentifier-1.0.0.tgz",
			"integrity": "sha512-yaOH/Pk/VEhBWWTlhI+qXxDFXlejDGcQipMlyxda9nthulaxLZUNcUqFxokp0vcYnvteJln5FNQDRrxj3YcbVw==",
			"engines": {
				"node": ">=0.6"
			}
		},
		"node_modules/ts-node": {
			"version": "8.10.2",
			"resolved": "https://registry.npmjs.org/ts-node/-/ts-node-8.10.2.tgz",
			"integrity": "sha512-ISJJGgkIpDdBhWVu3jufsWpK3Rzo7bdiIXJjQc0ynKxVOVcg2oIrf2H2cejminGrptVc6q6/uynAHNCuWGbpVA==",
			"dev": true,
			"dependencies": {
				"arg": "^4.1.0",
				"diff": "^4.0.1",
				"make-error": "^1.1.1",
				"source-map-support": "^0.5.17",
				"yn": "3.1.1"
			},
			"bin": {
				"ts-node": "dist/bin.js",
				"ts-node-script": "dist/bin-script.js",
				"ts-node-transpile-only": "dist/bin-transpile.js",
				"ts-script": "dist/bin-script-deprecated.js"
			},
			"engines": {
				"node": ">=6.0.0"
			},
			"peerDependencies": {
				"typescript": ">=2.7"
			}
		},
		"node_modules/typescript": {
			"version": "3.9.10",
			"resolved": "https://registry.npmjs.org/typescript/-/typescript-3.9.10.tgz",
			"integrity": "sha512-w6fIxVE/H1PkLKcCPsFqKE7Kv7QUwhU8qQY2MueZXWx5cPZdwFupLgKK3vntcK98BtNHZtAF4LA/yl2a7k8R6Q==",
			"bin": {
				"tsc": "bin/tsc",
				"tsserver": "bin/tsserver"
			},
			"engines": {
				"node": ">=4.2.0"
			}
		},
		"node_modules/yn": {
			"version": "3.1.1",
			"resolved": "https://registry.npmjs.org/yn/-/yn-3.1.1.tgz",
			"integrity": "sha512-Ux4ygGWsu2c7isFWe8Yu1YluJmqVhxqK2cLXNQA5AcC3QfbGNpM7fu0Y8b/z16pXLnFxZYvWhd3fhBY9DLmC6Q==",
			"dev": true,
			"engines": {
				"node": ">=6"
			}
		}
	},
	"dependencies": {
		"@types/node": {
			"version": "12.20.27",
			"resolved": "https://registry.npmjs.org/@types/node/-/node-12.20.27.tgz",
			"integrity": "sha512-qZdePUDSLAZRXXV234bLBEUM0nAQjoxbcSwp1rqSMUe1rZ47mwU6OjciR/JvF1Oo8mc0ys6GE0ks0HGgqAZoGg==",
			"dev": true
		},
		"arg": {
			"version": "4.1.3",
			"resolved": "https://registry.npmjs.org/arg/-/arg-4.1.3.tgz",
			"integrity": "sha512-58S9QDqG0Xx27YwPSt9fJxivjYl432YCwfDMfZ+71RAqUrZef7LrKQZ3LHLOwCS4FLNBplP533Zx895SeOCHvA==",
			"dev": true
		},
		"babel-polyfill": {
			"version": "6.26.0",
			"resolved": "https://registry.npmjs.org/babel-polyfill/-/babel-polyfill-6.26.0.tgz",
			"integrity": "sha1-N5k3q8Z9eJWXCtxiHyhM2WbPIVM=",
			"dev": true,
			"requires": {
				"babel-runtime": "^6.26.0",
				"core-js": "^2.5.0",
				"regenerator-runtime": "^0.10.5"
			}
		},
		"babel-runtime": {
			"version": "6.26.0",
			"resolved": "https://registry.npmjs.org/babel-runtime/-/babel-runtime-6.26.0.tgz",
			"integrity": "sha1-llxwWGaOgrVde/4E/yM3vItWR/4=",
			"dev": true,
			"requires": {
				"core-js": "^2.4.0",
				"regenerator-runtime": "^0.11.0"
			},
			"dependencies": {
				"regenerator-runtime": {
					"version": "0.11.1",
					"resolved": "https://registry.npmjs.org/regenerator-runtime/-/regenerator-runtime-0.11.1.tgz",
					"integrity": "sha512-MguG95oij0fC3QV3URf4V2SDYGJhJnJGqvIIgdECeODCT98wSWDAJ94SSuVpYQUoTcGUIL6L4yNB7j1DFFHSBg==",
					"dev": true
				}
			}
		},
		"buffer-from": {
			"version": "1.1.2",
			"resolved": "https://registry.npmjs.org/buffer-from/-/buffer-from-1.1.2.tgz",
			"integrity": "sha512-E+XQCRwSbaaiChtv6k6Dwgc+bx+Bs6vuKJHHl5kox/BaKbhiXzqQOwK4cO22yElGp2OCmjwVhT3HmxgyPGnJfQ==",
			"dev": true
		},
		"core-js": {
			"version": "2.6.12",
			"resolved": "https://registry.npmjs.org/core-js/-/core-js-2.6.12.tgz",
			"integrity": "sha512-Kb2wC0fvsWfQrgk8HU5lW6U/Lcs8+9aaYcy4ZFc6DDlo4nZ7n70dEgE5rtR0oG6ufKDUnrwfWL1mXR5ljDatrQ==",
			"dev": true
		},
		"debug": {
			"version": "4.3.2",
			"resolved": "https://registry.npmjs.org/debug/-/debug-4.3.2.tgz",
			"integrity": "sha512-mOp8wKcvj7XxC78zLgw/ZA+6TSgkoE2C/ienthhRD298T7UNwAg9diBpLRxC0mOezLl4B0xV7M0cCO6P/O0Xhw==",
			"requires": {
				"ms": "2.1.2"
			}
		},
		"diff": {
			"version": "4.0.2",
			"resolved": "https://registry.npmjs.org/diff/-/diff-4.0.2.tgz",
			"integrity": "sha512-58lmxKSA4BNyLz+HHMUzlOEpg09FV+ev6ZMe3vJihgdxzgcwZ8VoEEPmALCZG9LmqfVoNMMKpttIYTVG6uDY7A==",
			"dev": true
		},
		"http-errors": {
			"version": "1.8.0",
			"resolved": "https://registry.npmjs.org/http-errors/-/http-errors-1.8.0.tgz",
			"integrity": "sha512-4I8r0C5JDhT5VkvI47QktDW75rNlGVsUf/8hzjCC/wkWI/jdTRmBb9aI7erSG82r1bjKY3F6k28WnsVxB1C73A==",
			"requires": {
				"depd": "~1.1.2",
				"inherits": "2.0.4",
				"setprototypeof": "1.2.0",
				"statuses": ">= 1.5.0 < 2",
				"toidentifier": "1.0.0"
			},
			"dependencies": {
				"depd": {
					"version": "1.1.2",
					"resolved": "https://registry.npmjs.org/depd/-/depd-1.1.2.tgz",
					"integrity": "sha1-m81S4UwJd2PnSbJ0xDRu0uVgtak="
				}
			}
		},
		"inherits": {
			"version": "2.0.4",
			"resolved": "https://registry.npmjs.org/inherits/-/inherits-2.0.4.tgz",
			"integrity": "sha512-k/vGaX4/Yla3WzyMCvTQOXYeIHvqOKtnqBduzTHpzpQZzAskKMhZ2K+EnBiSM9zGSoIFeMpXKxa4dYeZIQqewQ=="
		},
		"ini": {
			"version": "1.3.8",
			"resolved": "https://registry.npmjs.org/ini/-/ini-1.3.8.tgz",
			"integrity": "sha512-JV/yugV2uzW5iMRSiZAyDtQd+nxtUnjeLt0acNdw98kKLrvuRVyB80tsREOE7yvGVgalhZ6RNXCmEHkUKBKxew=="
		},
		"koa-compose": {
			"version": "4.1.0",
			"resolved": "https://registry.npmjs.org/koa-compose/-/koa-compose-4.1.0.tgz",
			"integrity": "sha512-8ODW8TrDuMYvXRwra/Kh7/rJo9BtOfPc6qO8eAfC80CnCvSjSl0bkRM24X6/XBBEyj0v1nRUQ1LyOy3dbqOWXw=="
		},
		"koa-router": {
			"version": "10.1.1",
			"resolved": "https://registry.npmjs.org/koa-router/-/koa-router-10.1.1.tgz",
			"integrity": "sha512-z/OzxVjf5NyuNO3t9nJpx7e1oR3FSBAauiwXtMQu4ppcnuNZzTaQ4p21P8A6r2Es8uJJM339oc4oVW+qX7SqnQ==",
			"requires": {
				"debug": "^4.1.1",
				"http-errors": "^1.7.3",
				"koa-compose": "^4.1.0",
				"methods": "^1.1.2",
				"path-to-regexp": "^6.1.0"
			}
		},
		"make-error": {
			"version": "1.3.6",
			"resolved": "https://registry.npmjs.org/make-error/-/make-error-1.3.6.tgz",
			"integrity": "sha512-s8UhlNe7vPKomQhC1qFelMokr/Sc3AgNbso3n74mVPA5LTZwkB9NlXf4XPamLxJE8h0gh73rM94xvwRT2CVInw==",
			"dev": true
		},
		"methods": {
			"version": "1.1.2",
			"resolved": "https://registry.npmjs.org/methods/-/methods-1.1.2.tgz",
			"integrity": "sha1-VSmk1nZUE07cxSZmVoNbD4Ua/O4="
		},
		"ms": {
			"version": "2.1.2",
			"resolved": "https://registry.npmjs.org/ms/-/ms-2.1.2.tgz",
			"integrity": "sha512-sGkPx+VjMtmA6MX27oA4FBFELFCZZ4S4XqeGOXCv68tT+jb3vk/RyaKWP0PTKyWtmLSM0b+adUTEvbs1PEaH2w=="
		},
		"path-to-regexp": {
			"version": "6.2.0",
			"resolved": "https://registry.npmjs.org/path-to-regexp/-/path-to-regexp-6.2.0.tgz",
			"integrity": "sha512-f66KywYG6+43afgE/8j/GoiNyygk/bnoCbps++3ErRKsIYkGGupyv07R2Ok5m9i67Iqc+T2g1eAUGUPzWhYTyg=="
		},
		"regenerator-runtime": {
			"version": "0.10.5",
			"resolved": "https://registry.npmjs.org/regenerator-runtime/-/regenerator-runtime-0.10.5.tgz",
			"integrity": "sha1-M2w+/BIgrc7dosn6tntaeVWjNlg=",
			"dev": true
		},
		"setprototypeof": {
			"version": "1.2.0",
			"resolved": "https://registry.npmjs.org/setprototypeof/-/setprototypeof-1.2.0.tgz",
			"integrity": "sha512-E5LDX7Wrp85Kil5bhZv46j8jOeboKq5JMmYM3gVGdGH8xFpPWXUMsNrlODCrkoxMEeNi/XZIwuRvY4XNwYMJpw=="
		},
		"source-map": {
			"version": "0.6.1",
			"resolved": "https://registry.npmjs.org/source-map/-/source-map-0.6.1.tgz",
			"integrity": "sha512-UjgapumWlbMhkBgzT7Ykc5YXUT46F0iKu8SGXq0bcwP5dz/h0Plj6enJqjz1Zbq2l5WaqYnrVbwWOWMyF3F47g==",
			"dev": true
		},
		"source-map-support": {
			"version": "0.5.20",
			"resolved": "https://registry.npmjs.org/source-map-support/-/source-map-support-0.5.20.tgz",
			"integrity": "sha512-n1lZZ8Ve4ksRqizaBQgxXDgKwttHDhyfQjA6YZZn8+AroHbsIz+JjwxQDxbp+7y5OYCI8t1Yk7etjD9CRd2hIw==",
			"dev": true,
			"requires": {
				"buffer-from": "^1.0.0",
				"source-map": "^0.6.0"
			}
		},
		"statuses": {
			"version": "1.5.0",
			"resolved": "https://registry.npmjs.org/statuses/-/statuses-1.5.0.tgz",
			"integrity": "sha1-Fhx9rBd2Wf2YEfQ3cfqZOBR4Yow="
		},
		"toidentifier": {
			"version": "1.0.0",
			"resolved": "https://registry.npmjs.org/toidentifier/-/toidentifier-1.0.0.tgz",
			"integrity": "sha512-yaOH/Pk/VEhBWWTlhI+qXxDFXlejDGcQipMlyxda9nthulaxLZUNcUqFxokp0vcYnvteJln5FNQDRrxj3YcbVw=="
		},
		"ts-node": {
			"version": "8.10.2",
			"resolved": "https://registry.npmjs.org/ts-node/-/ts-node-8.10.2.tgz",
			"integrity": "sha512-ISJJGgkIpDdBhWVu3jufsWpK3Rzo7bdiIXJjQc0ynKxVOVcg2oIrf2H2cejminGrptVc6q6/uynAHNCuWGbpVA==",
			"dev": true,
			"requires": {
				"arg": "^4.1.0",
				"diff": "^4.0.1",
				"make-error": "^1.1.1",
				"source-map-support": "^0.5.17",
				"yn": "3.1.1"
			}
		},
		"typescript": {
			"version": "3.9.10",
			"resolved": "https://registry.npmjs.org/typescript/-/typescript-3.9.10.tgz",
			"integrity": "sha512-w6fIxVE/H1PkLKcCPsFqKE7Kv7QUwhU8qQY2MueZXWx5cPZdwFupLgKK3vntcK98BtNHZtAF4LA/yl2a7k8R6Q=="
		},
		"yn": {
			"version": "3.1.1",
			"resolved": "https://registry.npmjs.org/yn/-/yn-3.1.1.tgz",
			"integrity": "sha512-Ux4ygGWsu2c7isFWe8Yu1YluJmqVhxqK2cLXNQA5AcC3QfbGNpM7fu0Y8b/z16pXLnFxZYvWhd3fhBY9DLmC6Q==",
			"dev": true
		}
	}
}
